
Microsoft Visual Studio Solution File, Format Version 12.00
# Visual Studio Version 17
VisualStudioVersion = 17.0.32126.317
MinimumVisualStudioVersion = 10.0.40219.1
Project("{FAE04EC0-301F-11D3-BF4B-00C04F79EFBC}") = "Parcia1lAplicada3", "Parcia1lAplicada3\Parcia1lAplicada3.csproj", "{46DB6172-2C7D-435C-8F9F-4736C34A01E1}"
EndProject
Global
	GlobalSection(SolutionConfigurationPlatforms) = preSolution
		Debug|Any CPU = Debug|Any CPU
		Release|Any CPU = Release|Any CPU
	EndGlobalSection
	GlobalSection(ProjectConfigurationPlatforms) = postSolution
		{46DB6172-2C7D-435C-8F9F-4736C34A01E1}.Debug|Any CPU.ActiveCfg = Debug|Any CPU
		{46DB6172-2C7D-435C-8F9F-4736C34A01E1}.Debug|Any CPU.Build.0 = Debug|Any CPU
		{46DB6172-2C7D-435C-8F9F-4736C34A01E1}.Release|Any CPU.ActiveCfg = Release|Any CPU
		{46DB6172-2C7D-435C-8F9F-4736C34A01E1}.Release|Any CPU.Build.0 = Release|Any CPU
	EndGlobalSection
	GlobalSection(SolutionProperties) = preSolution
		HideSolutionNode = FALSE
	EndGlobalSection
	GlobalSection(ExtensibilityGlobals) = postSolution
		SolutionGuid = {BAF71172-C054-4B38-B297-B04C5556C8A3}
	EndGlobalSection
EndGlobal
